
Microsoft Visual Studio Solution File, Format Version 12.00
# Visual Studio 2012
Project("{2150E333-8FDC-42A3-9474-1A3956D46DE8}") = "Solution Items", "Solution Items", "{C4321F48-0C8B-42AF-AB6A-B9AD70AC7A24}"
	ProjectSection(SolutionItems) = preProject
		build.proj = build.proj
		include\leptonica_versionnumbers.props = include\leptonica_versionnumbers.props
		README.md = README.md
	EndProjectSection
EndProject
Project("{8BC9CEB8-8B4A-11D0-8D11-00A0C91BC942}") = "liblept-171", "liblept\leptonica.vcxproj", "{1D7AB886-BECA-4A97-89CE-7381D3F5DE00}"
	ProjectSection(ProjectDependencies) = postProject
		{0008960E-E0DD-41A6-8265-00B31DDB4C21} = {0008960E-E0DD-41A6-8265-00B31DDB4C21}
		{C13F9A1D-8E91-4239-ABF1-E0F01F6DBADB} = {C13F9A1D-8E91-4239-ABF1-E0F01F6DBADB}
		{745DEC58-EBB3-47A9-A9B8-4C6627C01BF8} = {745DEC58-EBB3-47A9-A9B8-4C6627C01BF8}
		{E61592E1-28F4-4AFC-9EE1-9BE833A061C1} = {E61592E1-28F4-4AFC-9EE1-9BE833A061C1}
		{0402F7E8-9BE8-4D59-A789-BBB96B284856} = {0402F7E8-9BE8-4D59-A789-BBB96B284856}
	EndProjectSection
EndProject
Project("{8BC9CEB8-8B4A-11D0-8D11-00A0C91BC942}") = "zlib-128", "zlib\zlibstat.vcxproj", "{745DEC58-EBB3-47A9-A9B8-4C6627C01BF8}"
EndProject
Project("{8BC9CEB8-8B4A-11D0-8D11-00A0C91BC942}") = "libjpeg-8c", "libjpeg\jpeg.vcxproj", "{E61592E1-28F4-4AFC-9EE1-9BE833A061C1}"
EndProject
Project("{8BC9CEB8-8B4A-11D0-8D11-00A0C91BC942}") = "libpng-143", "libpng\libpng.vcxproj", "{0008960E-E0DD-41A6-8265-00B31DDB4C21}"
	ProjectSection(ProjectDependencies) = postProject
		{745DEC58-EBB3-47A9-A9B8-4C6627C01BF8} = {745DEC58-EBB3-47A9-A9B8-4C6627C01BF8}
	EndProjectSection
EndProject
Project("{8BC9CEB8-8B4A-11D0-8D11-00A0C91BC942}") = "libtiff-394", "libtiff\libtiff\libtiff.vcxproj", "{0402F7E8-9BE8-4D59-A789-BBB96B284856}"
	ProjectSection(ProjectDependencies) = postProject
		{745DEC58-EBB3-47A9-A9B8-4C6627C01BF8} = {745DEC58-EBB3-47A9-A9B8-4C6627C01BF8}
		{E61592E1-28F4-4AFC-9EE1-9BE833A061C1} = {E61592E1-28F4-4AFC-9EE1-9BE833A061C1}
	EndProjectSection
EndProject
Project("{8BC9CEB8-8B4A-11D0-8D11-00A0C91BC942}") = "giflib-416", "giflib\giflib.vcxproj", "{C13F9A1D-8E91-4239-ABF1-E0F01F6DBADB}"
EndProject
Project("{8BC9CEB8-8B4A-11D0-8D11-00A0C91BC942}") = "freetype", "freetype\builds\windows\vc2012\freetype.vcxproj", "{78B079BD-9FC7-4B9E-B4A6-96DA0F00248B}"
EndProject
Project("{8BC9CEB8-8B4A-11D0-8D11-00A0C91BC942}") = "libtesseract304", "libtesseract\vs2012\libtesseract\libtesseract.vcxproj", "{D14F28C7-0CAE-4C37-B174-40FDEFBD4FE0}"
EndProject
Project("{8BC9CEB8-8B4A-11D0-8D11-00A0C91BC942}") = "tesseract", "libtesseract\vs2012\tesseract\tesseract.vcxproj", "{C76996CB-C4CB-4D89-9F67-F605DF129618}"
	ProjectSection(ProjectDependencies) = postProject
		{0008960E-E0DD-41A6-8265-00B31DDB4C21} = {0008960E-E0DD-41A6-8265-00B31DDB4C21}
		{C13F9A1D-8E91-4239-ABF1-E0F01F6DBADB} = {C13F9A1D-8E91-4239-ABF1-E0F01F6DBADB}
		{745DEC58-EBB3-47A9-A9B8-4C6627C01BF8} = {745DEC58-EBB3-47A9-A9B8-4C6627C01BF8}
		{1D7AB886-BECA-4A97-89CE-7381D3F5DE00} = {1D7AB886-BECA-4A97-89CE-7381D3F5DE00}
		{78B079BD-9FC7-4B9E-B4A6-96DA0F00248B} = {78B079BD-9FC7-4B9E-B4A6-96DA0F00248B}
		{E61592E1-28F4-4AFC-9EE1-9BE833A061C1} = {E61592E1-28F4-4AFC-9EE1-9BE833A061C1}
		{0402F7E8-9BE8-4D59-A789-BBB96B284856} = {0402F7E8-9BE8-4D59-A789-BBB96B284856}
	EndProjectSection
EndProject
Global
	GlobalSection(SolutionConfigurationPlatforms) = preSolution
		Debug Multithreaded|Win32 = Debug Multithreaded|Win32
		Debug Multithreaded|x64 = Debug Multithreaded|x64
		Debug Singlethreaded|Win32 = Debug Singlethreaded|Win32
		Debug Singlethreaded|x64 = Debug Singlethreaded|x64
		Debug|Win32 = Debug|Win32
		Debug|x64 = Debug|x64
		DLL_Debug|Win32 = DLL_Debug|Win32
		DLL_Debug|x64 = DLL_Debug|x64
		DLL_Release|Win32 = DLL_Release|Win32
		DLL_Release|x64 = DLL_Release|x64
		LIB_Debug|Win32 = LIB_Debug|Win32
		LIB_Debug|x64 = LIB_Debug|x64
		LIB_OpenCL_Release|Win32 = LIB_OpenCL_Release|Win32
		LIB_OpenCL_Release|x64 = LIB_OpenCL_Release|x64
		LIB_Release|Win32 = LIB_Release|Win32
		LIB_Release|x64 = LIB_Release|x64
		Release Multithreaded|Win32 = Release Multithreaded|Win32
		Release Multithreaded|x64 = Release Multithreaded|x64
		Release Singlethreaded|Win32 = Release Singlethreaded|Win32
		Release Singlethreaded|x64 = Release Singlethreaded|x64
		Release|Win32 = Release|Win32
		Release|x64 = Release|x64
	EndGlobalSection
	GlobalSection(ProjectConfigurationPlatforms) = postSolution
		{1D7AB886-BECA-4A97-89CE-7381D3F5DE00}.Debug Multithreaded|Win32.ActiveCfg = DLL_Release|Win32
		{1D7AB886-BECA-4A97-89CE-7381D3F5DE00}.Debug Multithreaded|Win32.Build.0 = DLL_Release|Win32
		{1D7AB886-BECA-4A97-89CE-7381D3F5DE00}.Debug Multithreaded|x64.ActiveCfg = DLL_Release|x64
		{1D7AB886-BECA-4A97-89CE-7381D3F5DE00}.Debug Multithreaded|x64.Build.0 = DLL_Release|x64
		{1D7AB886-BECA-4A97-89CE-7381D3F5DE00}.Debug Singlethreaded|Win32.ActiveCfg = DLL_Release|Win32
		{1D7AB886-BECA-4A97-89CE-7381D3F5DE00}.Debug Singlethreaded|Win32.Build.0 = DLL_Release|Win32
		{1D7AB886-BECA-4A97-89CE-7381D3F5DE00}.Debug Singlethreaded|x64.ActiveCfg = DLL_Release|x64
		{1D7AB886-BECA-4A97-89CE-7381D3F5DE00}.Debug Singlethreaded|x64.Build.0 = DLL_Release|x64
		{1D7AB886-BECA-4A97-89CE-7381D3F5DE00}.Debug|Win32.ActiveCfg = LIB_Debug|Win32
		{1D7AB886-BECA-4A97-89CE-7381D3F5DE00}.Debug|Win32.Build.0 = LIB_Debug|Win32
		{1D7AB886-BECA-4A97-89CE-7381D3F5DE00}.Debug|x64.ActiveCfg = LIB_Debug|x64
		{1D7AB886-BECA-4A97-89CE-7381D3F5DE00}.Debug|x64.Build.0 = LIB_Debug|x64
		{1D7AB886-BECA-4A97-89CE-7381D3F5DE00}.DLL_Debug|Win32.ActiveCfg = DLL_Debug|Win32
		{1D7AB886-BECA-4A97-89CE-7381D3F5DE00}.DLL_Debug|Win32.Build.0 = DLL_Debug|Win32
		{1D7AB886-BECA-4A97-89CE-7381D3F5DE00}.DLL_Debug|x64.ActiveCfg = DLL_Debug|x64
		{1D7AB886-BECA-4A97-89CE-7381D3F5DE00}.DLL_Debug|x64.Build.0 = DLL_Debug|x64
		{1D7AB886-BECA-4A97-89CE-7381D3F5DE00}.DLL_Release|Win32.ActiveCfg = DLL_Release|Win32
		{1D7AB886-BECA-4A97-89CE-7381D3F5DE00}.DLL_Release|Win32.Build.0 = DLL_Release|Win32
		{1D7AB886-BECA-4A97-89CE-7381D3F5DE00}.DLL_Release|x64.ActiveCfg = DLL_Release|x64
		{1D7AB886-BECA-4A97-89CE-7381D3F5DE00}.DLL_Release|x64.Build.0 = DLL_Release|x64
		{1D7AB886-BECA-4A97-89CE-7381D3F5DE00}.LIB_Debug|Win32.ActiveCfg = LIB_Debug|Win32
		{1D7AB886-BECA-4A97-89CE-7381D3F5DE00}.LIB_Debug|Win32.Build.0 = LIB_Debug|Win32
		{1D7AB886-BECA-4A97-89CE-7381D3F5DE00}.LIB_Debug|x64.ActiveCfg = LIB_Debug|x64
		{1D7AB886-BECA-4A97-89CE-7381D3F5DE00}.LIB_Debug|x64.Build.0 = LIB_Debug|x64
		{1D7AB886-BECA-4A97-89CE-7381D3F5DE00}.LIB_OpenCL_Release|Win32.ActiveCfg = LIB_Release|Win32
		{1D7AB886-BECA-4A97-89CE-7381D3F5DE00}.LIB_OpenCL_Release|Win32.Build.0 = LIB_Release|Win32
		{1D7AB886-BECA-4A97-89CE-7381D3F5DE00}.LIB_OpenCL_Release|x64.ActiveCfg = LIB_Release|x64
		{1D7AB886-BECA-4A97-89CE-7381D3F5DE00}.LIB_OpenCL_Release|x64.Build.0 = LIB_Release|x64
		{1D7AB886-BECA-4A97-89CE-7381D3F5DE00}.LIB_Release|Win32.ActiveCfg = LIB_Release|Win32
		{1D7AB886-BECA-4A97-89CE-7381D3F5DE00}.LIB_Release|Win32.Build.0 = LIB_Release|Win32
		{1D7AB886-BECA-4A97-89CE-7381D3F5DE00}.LIB_Release|x64.ActiveCfg = LIB_Release|x64
		{1D7AB886-BECA-4A97-89CE-7381D3F5DE00}.LIB_Release|x64.Build.0 = LIB_Release|x64
		{1D7AB886-BECA-4A97-89CE-7381D3F5DE00}.Release Multithreaded|Win32.ActiveCfg = LIB_Release|Win32
		{1D7AB886-BECA-4A97-89CE-7381D3F5DE00}.Release Multithreaded|Win32.Build.0 = LIB_Release|Win32
		{1D7AB886-BECA-4A97-89CE-7381D3F5DE00}.Release Multithreaded|x64.ActiveCfg = LIB_Release|x64
		{1D7AB886-BECA-4A97-89CE-7381D3F5DE00}.Release Multithreaded|x64.Build.0 = LIB_Release|x64
		{1D7AB886-BECA-4A97-89CE-7381D3F5DE00}.Release Singlethreaded|Win32.ActiveCfg = LIB_Release|Win32
		{1D7AB886-BECA-4A97-89CE-7381D3F5DE00}.Release Singlethreaded|Win32.Build.0 = LIB_Release|Win32
		{1D7AB886-BECA-4A97-89CE-7381D3F5DE00}.Release Singlethreaded|x64.ActiveCfg = LIB_Release|x64
		{1D7AB886-BECA-4A97-89CE-7381D3F5DE00}.Release Singlethreaded|x64.Build.0 = LIB_Release|x64
		{1D7AB886-BECA-4A97-89CE-7381D3F5DE00}.Release|Win32.ActiveCfg = LIB_Release|Win32
		{1D7AB886-BECA-4A97-89CE-7381D3F5DE00}.Release|Win32.Build.0 = LIB_Release|Win32
		{1D7AB886-BECA-4A97-89CE-7381D3F5DE00}.Release|x64.ActiveCfg = LIB_Release|x64
		{1D7AB886-BECA-4A97-89CE-7381D3F5DE00}.Release|x64.Build.0 = LIB_Release|x64
		{745DEC58-EBB3-47A9-A9B8-4C6627C01BF8}.Debug Multithreaded|Win32.ActiveCfg = Debug|Win32
		{745DEC58-EBB3-47A9-A9B8-4C6627C01BF8}.Debug Multithreaded|Win32.Build.0 = Debug|Win32
		{745DEC58-EBB3-47A9-A9B8-4C6627C01BF8}.Debug Multithreaded|x64.ActiveCfg = Debug|x64
		{745DEC58-EBB3-47A9-A9B8-4C6627C01BF8}.Debug Multithreaded|x64.Build.0 = Debug|x64
		{745DEC58-EBB3-47A9-A9B8-4C6627C01BF8}.Debug Singlethreaded|Win32.ActiveCfg = Debug|Win32
		{745DEC58-EBB3-47A9-A9B8-4C6627C01BF8}.Debug Singlethreaded|Win32.Build.0 = Debug|Win32
		{745DEC58-EBB3-47A9-A9B8-4C6627C01BF8}.Debug Singlethreaded|x64.ActiveCfg = Debug|x64
		{745DEC58-EBB3-47A9-A9B8-4C6627C01BF8}.Debug Singlethreaded|x64.Build.0 = Debug|x64
		{745DEC58-EBB3-47A9-A9B8-4C6627C01BF8}.Debug|Win32.ActiveCfg = Debug|Win32
		{745DEC58-EBB3-47A9-A9B8-4C6627C01BF8}.Debug|Win32.Build.0 = Debug|Win32
		{745DEC58-EBB3-47A9-A9B8-4C6627C01BF8}.Debug|x64.ActiveCfg = Debug|x64
		{745DEC58-EBB3-47A9-A9B8-4C6627C01BF8}.Debug|x64.Build.0 = Debug|x64
		{745DEC58-EBB3-47A9-A9B8-4C6627C01BF8}.DLL_Debug|Win32.ActiveCfg = Debug|Win32
		{745DEC58-EBB3-47A9-A9B8-4C6627C01BF8}.DLL_Debug|Win32.Build.0 = Debug|Win32
		{745DEC58-EBB3-47A9-A9B8-4C6627C01BF8}.DLL_Debug|x64.ActiveCfg = Debug|x64
		{745DEC58-EBB3-47A9-A9B8-4C6627C01BF8}.DLL_Debug|x64.Build.0 = Debug|x64
		{745DEC58-EBB3-47A9-A9B8-4C6627C01BF8}.DLL_Release|Win32.ActiveCfg = Release|Win32
		{745DEC58-EBB3-47A9-A9B8-4C6627C01BF8}.DLL_Release|Win32.Build.0 = Release|Win32
		{745DEC58-EBB3-47A9-A9B8-4C6627C01BF8}.DLL_Release|x64.ActiveCfg = Release|x64
		{745DEC58-EBB3-47A9-A9B8-4C6627C01BF8}.DLL_Release|x64.Build.0 = Release|x64
		{745DEC58-EBB3-47A9-A9B8-4C6627C01BF8}.LIB_Debug|Win32.ActiveCfg = Debug|Win32
		{745DEC58-EBB3-47A9-A9B8-4C6627C01BF8}.LIB_Debug|Win32.Build.0 = Debug|Win32
		{745DEC58-EBB3-47A9-A9B8-4C6627C01BF8}.LIB_Debug|x64.ActiveCfg = Debug|x64
		{745DEC58-EBB3-47A9-A9B8-4C6627C01BF8}.LIB_Debug|x64.Build.0 = Debug|x64
		{745DEC58-EBB3-47A9-A9B8-4C6627C01BF8}.LIB_OpenCL_Release|Win32.ActiveCfg = Release|Win32
		{745DEC58-EBB3-47A9-A9B8-4C6627C01BF8}.LIB_OpenCL_Release|Win32.Build.0 = Release|Win32
		{745DEC58-EBB3-47A9-A9B8-4C6627C01BF8}.LIB_OpenCL_Release|x64.ActiveCfg = Release|x64
		{745DEC58-EBB3-47A9-A9B8-4C6627C01BF8}.LIB_OpenCL_Release|x64.Build.0 = Release|x64
		{745DEC58-EBB3-47A9-A9B8-4C6627C01BF8}.LIB_Release|Win32.ActiveCfg = Release|Win32
		{745DEC58-EBB3-47A9-A9B8-4C6627C01BF8}.LIB_Release|Win32.Build.0 = Release|Win32
		{745DEC58-EBB3-47A9-A9B8-4C6627C01BF8}.LIB_Release|x64.ActiveCfg = Release|x64
		{745DEC58-EBB3-47A9-A9B8-4C6627C01BF8}.LIB_Release|x64.Build.0 = Release|x64
		{745DEC58-EBB3-47A9-A9B8-4C6627C01BF8}.Release Multithreaded|Win32.ActiveCfg = Release|Win32
		{745DEC58-EBB3-47A9-A9B8-4C6627C01BF8}.Release Multithreaded|Win32.Build.0 = Release|Win32
		{745DEC58-EBB3-47A9-A9B8-4C6627C01BF8}.Release Multithreaded|x64.ActiveCfg = Release|x64
		{745DEC58-EBB3-47A9-A9B8-4C6627C01BF8}.Release Multithreaded|x64.Build.0 = Release|x64
		{745DEC58-EBB3-47A9-A9B8-4C6627C01BF8}.Release Singlethreaded|Win32.ActiveCfg = Release|Win32
		{745DEC58-EBB3-47A9-A9B8-4C6627C01BF8}.Release Singlethreaded|Win32.Build.0 = Release|Win32
		{745DEC58-EBB3-47A9-A9B8-4C6627C01BF8}.Release Singlethreaded|x64.ActiveCfg = Release|x64
		{745DEC58-EBB3-47A9-A9B8-4C6627C01BF8}.Release Singlethreaded|x64.Build.0 = Release|x64
		{745DEC58-EBB3-47A9-A9B8-4C6627C01BF8}.Release|Win32.ActiveCfg = Release|Win32
		{745DEC58-EBB3-47A9-A9B8-4C6627C01BF8}.Release|Win32.Build.0 = Release|Win32
		{745DEC58-EBB3-47A9-A9B8-4C6627C01BF8}.Release|x64.ActiveCfg = Release|x64
		{745DEC58-EBB3-47A9-A9B8-4C6627C01BF8}.Release|x64.Build.0 = Release|x64
		{E61592E1-28F4-4AFC-9EE1-9BE833A061C1}.Debug Multithreaded|Win32.ActiveCfg = Debug|Win32
		{E61592E1-28F4-4AFC-9EE1-9BE833A061C1}.Debug Multithreaded|Win32.Build.0 = Debug|Win32
		{E61592E1-28F4-4AFC-9EE1-9BE833A061C1}.Debug Multithreaded|x64.ActiveCfg = Debug|x64
		{E61592E1-28F4-4AFC-9EE1-9BE833A061C1}.Debug Multithreaded|x64.Build.0 = Debug|x64
		{E61592E1-28F4-4AFC-9EE1-9BE833A061C1}.Debug Singlethreaded|Win32.ActiveCfg = Debug|Win32
		{E61592E1-28F4-4AFC-9EE1-9BE833A061C1}.Debug Singlethreaded|Win32.Build.0 = Debug|Win32
		{E61592E1-28F4-4AFC-9EE1-9BE833A061C1}.Debug Singlethreaded|x64.ActiveCfg = Debug|x64
		{E61592E1-28F4-4AFC-9EE1-9BE833A061C1}.Debug Singlethreaded|x64.Build.0 = Debug|x64
		{E61592E1-28F4-4AFC-9EE1-9BE833A061C1}.Debug|Win32.ActiveCfg = Debug|Win32
		{E61592E1-28F4-4AFC-9EE1-9BE833A061C1}.Debug|Win32.Build.0 = Debug|Win32
		{E61592E1-28F4-4AFC-9EE1-9BE833A061C1}.Debug|x64.ActiveCfg = Debug|x64
		{E61592E1-28F4-4AFC-9EE1-9BE833A061C1}.Debug|x64.Build.0 = Debug|x64
		{E61592E1-28F4-4AFC-9EE1-9BE833A061C1}.DLL_Debug|Win32.ActiveCfg = Debug|Win32
		{E61592E1-28F4-4AFC-9EE1-9BE833A061C1}.DLL_Debug|Win32.Build.0 = Debug|Win32
		{E61592E1-28F4-4AFC-9EE1-9BE833A061C1}.DLL_Debug|x64.ActiveCfg = Debug|x64
		{E61592E1-28F4-4AFC-9EE1-9BE833A061C1}.DLL_Debug|x64.Build.0 = Debug|x64
		{E61592E1-28F4-4AFC-9EE1-9BE833A061C1}.DLL_Release|Win32.ActiveCfg = Release|Win32
		{E61592E1-28F4-4AFC-9EE1-9BE833A061C1}.DLL_Release|Win32.Build.0 = Release|Win32
		{E61592E1-28F4-4AFC-9EE1-9BE833A061C1}.DLL_Release|x64.ActiveCfg = Release|x64
		{E61592E1-28F4-4AFC-9EE1-9BE833A061C1}.DLL_Release|x64.Build.0 = Release|x64
		{E61592E1-28F4-4AFC-9EE1-9BE833A061C1}.LIB_Debug|Win32.ActiveCfg = Debug|Win32
		{E61592E1-28F4-4AFC-9EE1-9BE833A061C1}.LIB_Debug|Win32.Build.0 = Debug|Win32
		{E61592E1-28F4-4AFC-9EE1-9BE833A061C1}.LIB_Debug|x64.ActiveCfg = Debug|x64
		{E61592E1-28F4-4AFC-9EE1-9BE833A061C1}.LIB_Debug|x64.Build.0 = Debug|x64
		{E61592E1-28F4-4AFC-9EE1-9BE833A061C1}.LIB_OpenCL_Release|Win32.ActiveCfg = Release|Win32
		{E61592E1-28F4-4AFC-9EE1-9BE833A061C1}.LIB_OpenCL_Release|Win32.Build.0 = Release|Win32
		{E61592E1-28F4-4AFC-9EE1-9BE833A061C1}.LIB_OpenCL_Release|x64.ActiveCfg = Release|x64
		{E61592E1-28F4-4AFC-9EE1-9BE833A061C1}.LIB_OpenCL_Release|x64.Build.0 = Release|x64
		{E61592E1-28F4-4AFC-9EE1-9BE833A061C1}.LIB_Release|Win32.ActiveCfg = Release|Win32
		{E61592E1-28F4-4AFC-9EE1-9BE833A061C1}.LIB_Release|Win32.Build.0 = Release|Win32
		{E61592E1-28F4-4AFC-9EE1-9BE833A061C1}.LIB_Release|x64.ActiveCfg = Release|x64
		{E61592E1-28F4-4AFC-9EE1-9BE833A061C1}.LIB_Release|x64.Build.0 = Release|x64
		{E61592E1-28F4-4AFC-9EE1-9BE833A061C1}.Release Multithreaded|Win32.ActiveCfg = Release|Win32
		{E61592E1-28F4-4AFC-9EE1-9BE833A061C1}.Release Multithreaded|Win32.Build.0 = Release|Win32
		{E61592E1-28F4-4AFC-9EE1-9BE833A061C1}.Release Multithreaded|x64.ActiveCfg = Release|x64
		{E61592E1-28F4-4AFC-9EE1-9BE833A061C1}.Release Multithreaded|x64.Build.0 = Release|x64
		{E61592E1-28F4-4AFC-9EE1-9BE833A061C1}.Release Singlethreaded|Win32.ActiveCfg = Release|Win32
		{E61592E1-28F4-4AFC-9EE1-9BE833A061C1}.Release Singlethreaded|Win32.Build.0 = Release|Win32
		{E61592E1-28F4-4AFC-9EE1-9BE833A061C1}.Release Singlethreaded|x64.ActiveCfg = Release|x64
		{E61592E1-28F4-4AFC-9EE1-9BE833A061C1}.Release Singlethreaded|x64.Build.0 = Release|x64
		{E61592E1-28F4-4AFC-9EE1-9BE833A061C1}.Release|Win32.ActiveCfg = Release|Win32
		{E61592E1-28F4-4AFC-9EE1-9BE833A061C1}.Release|Win32.Build.0 = Release|Win32
		{E61592E1-28F4-4AFC-9EE1-9BE833A061C1}.Release|x64.ActiveCfg = Release|x64
		{E61592E1-28F4-4AFC-9EE1-9BE833A061C1}.Release|x64.Build.0 = Release|x64
		{0008960E-E0DD-41A6-8265-00B31DDB4C21}.Debug Multithreaded|Win32.ActiveCfg = Debug|Win32
		{0008960E-E0DD-41A6-8265-00B31DDB4C21}.Debug Multithreaded|Win32.Build.0 = Debug|Win32
		{0008960E-E0DD-41A6-8265-00B31DDB4C21}.Debug Multithreaded|x64.ActiveCfg = Debug|x64
		{0008960E-E0DD-41A6-8265-00B31DDB4C21}.Debug Multithreaded|x64.Build.0 = Debug|x64
		{0008960E-E0DD-41A6-8265-00B31DDB4C21}.Debug Singlethreaded|Win32.ActiveCfg = Debug|Win32
		{0008960E-E0DD-41A6-8265-00B31DDB4C21}.Debug Singlethreaded|Win32.Build.0 = Debug|Win32
		{0008960E-E0DD-41A6-8265-00B31DDB4C21}.Debug Singlethreaded|x64.ActiveCfg = Debug|x64
		{0008960E-E0DD-41A6-8265-00B31DDB4C21}.Debug Singlethreaded|x64.Build.0 = Debug|x64
		{0008960E-E0DD-41A6-8265-00B31DDB4C21}.Debug|Win32.ActiveCfg = Debug|Win32
		{0008960E-E0DD-41A6-8265-00B31DDB4C21}.Debug|Win32.Build.0 = Debug|Win32
		{0008960E-E0DD-41A6-8265-00B31DDB4C21}.Debug|x64.ActiveCfg = Debug|x64
		{0008960E-E0DD-41A6-8265-00B31DDB4C21}.Debug|x64.Build.0 = Debug|x64
		{0008960E-E0DD-41A6-8265-00B31DDB4C21}.DLL_Debug|Win32.ActiveCfg = Debug|Win32
		{0008960E-E0DD-41A6-8265-00B31DDB4C21}.DLL_Debug|Win32.Build.0 = Debug|Win32
		{0008960E-E0DD-41A6-8265-00B31DDB4C21}.DLL_Debug|x64.ActiveCfg = Debug|x64
		{0008960E-E0DD-41A6-8265-00B31DDB4C21}.DLL_Debug|x64.Build.0 = Debug|x64
		{0008960E-E0DD-41A6-8265-00B31DDB4C21}.DLL_Release|Win32.ActiveCfg = Release|Win32
		{0008960E-E0DD-41A6-8265-00B31DDB4C21}.DLL_Release|Win32.Build.0 = Release|Win32
		{0008960E-E0DD-41A6-8265-00B31DDB4C21}.DLL_Release|x64.ActiveCfg = Release|x64
		{0008960E-E0DD-41A6-8265-00B31DDB4C21}.DLL_Release|x64.Build.0 = Release|x64
		{0008960E-E0DD-41A6-8265-00B31DDB4C21}.LIB_Debug|Win32.ActiveCfg = Debug|Win32
		{0008960E-E0DD-41A6-8265-00B31DDB4C21}.LIB_Debug|Win32.Build.0 = Debug|Win32
		{0008960E-E0DD-41A6-8265-00B31DDB4C21}.LIB_Debug|x64.ActiveCfg = Debug|x64
		{0008960E-E0DD-41A6-8265-00B31DDB4C21}.LIB_Debug|x64.Build.0 = Debug|x64
		{0008960E-E0DD-41A6-8265-00B31DDB4C21}.LIB_OpenCL_Release|Win32.ActiveCfg = Release|Win32
		{0008960E-E0DD-41A6-8265-00B31DDB4C21}.LIB_OpenCL_Release|Win32.Build.0 = Release|Win32
		{0008960E-E0DD-41A6-8265-00B31DDB4C21}.LIB_OpenCL_Release|x64.ActiveCfg = Release|x64
		{0008960E-E0DD-41A6-8265-00B31DDB4C21}.LIB_OpenCL_Release|x64.Build.0 = Release|x64
		{0008960E-E0DD-41A6-8265-00B31DDB4C21}.LIB_Release|Win32.ActiveCfg = Release|Win32
		{0008960E-E0DD-41A6-8265-00B31DDB4C21}.LIB_Release|Win32.Build.0 = Release|Win32
		{0008960E-E0DD-41A6-8265-00B31DDB4C21}.LIB_Release|x64.ActiveCfg = Release|x64
		{0008960E-E0DD-41A6-8265-00B31DDB4C21}.LIB_Release|x64.Build.0 = Release|x64
		{0008960E-E0DD-41A6-8265-00B31DDB4C21}.Release Multithreaded|Win32.ActiveCfg = Release|Win32
		{0008960E-E0DD-41A6-8265-00B31DDB4C21}.Release Multithreaded|Win32.Build.0 = Release|Win32
		{0008960E-E0DD-41A6-8265-00B31DDB4C21}.Release Multithreaded|x64.ActiveCfg = Release|x64
		{0008960E-E0DD-41A6-8265-00B31DDB4C21}.Release Multithreaded|x64.Build.0 = Release|x64
		{0008960E-E0DD-41A6-8265-00B31DDB4C21}.Release Singlethreaded|Win32.ActiveCfg = Release|Win32
		{0008960E-E0DD-41A6-8265-00B31DDB4C21}.Release Singlethreaded|Win32.Build.0 = Release|Win32
		{0008960E-E0DD-41A6-8265-00B31DDB4C21}.Release Singlethreaded|x64.ActiveCfg = Release|x64
		{0008960E-E0DD-41A6-8265-00B31DDB4C21}.Release Singlethreaded|x64.Build.0 = Release|x64
		{0008960E-E0DD-41A6-8265-00B31DDB4C21}.Release|Win32.ActiveCfg = Release|Win32
		{0008960E-E0DD-41A6-8265-00B31DDB4C21}.Release|Win32.Build.0 = Release|Win32
		{0008960E-E0DD-41A6-8265-00B31DDB4C21}.Release|x64.ActiveCfg = Release|x64
		{0008960E-E0DD-41A6-8265-00B31DDB4C21}.Release|x64.Build.0 = Release|x64
		{0402F7E8-9BE8-4D59-A789-BBB96B284856}.Debug Multithreaded|Win32.ActiveCfg = Debug|Win32
		{0402F7E8-9BE8-4D59-A789-BBB96B284856}.Debug Multithreaded|Win32.Build.0 = Debug|Win32
		{0402F7E8-9BE8-4D59-A789-BBB96B284856}.Debug Multithreaded|x64.ActiveCfg = Debug|x64
		{0402F7E8-9BE8-4D59-A789-BBB96B284856}.Debug Multithreaded|x64.Build.0 = Debug|x64
		{0402F7E8-9BE8-4D59-A789-BBB96B284856}.Debug Singlethreaded|Win32.ActiveCfg = Debug|Win32
		{0402F7E8-9BE8-4D59-A789-BBB96B284856}.Debug Singlethreaded|Win32.Build.0 = Debug|Win32
		{0402F7E8-9BE8-4D59-A789-BBB96B284856}.Debug Singlethreaded|x64.ActiveCfg = Debug|x64
		{0402F7E8-9BE8-4D59-A789-BBB96B284856}.Debug Singlethreaded|x64.Build.0 = Debug|x64
		{0402F7E8-9BE8-4D59-A789-BBB96B284856}.Debug|Win32.ActiveCfg = Debug|Win32
		{0402F7E8-9BE8-4D59-A789-BBB96B284856}.Debug|Win32.Build.0 = Debug|Win32
		{0402F7E8-9BE8-4D59-A789-BBB96B284856}.Debug|x64.ActiveCfg = Debug|x64
		{0402F7E8-9BE8-4D59-A789-BBB96B284856}.Debug|x64.Build.0 = Debug|x64
		{0402F7E8-9BE8-4D59-A789-BBB96B284856}.DLL_Debug|Win32.ActiveCfg = Debug|Win32
		{0402F7E8-9BE8-4D59-A789-BBB96B284856}.DLL_Debug|Win32.Build.0 = Debug|Win32
		{0402F7E8-9BE8-4D59-A789-BBB96B284856}.DLL_Debug|x64.ActiveCfg = Debug|x64
		{0402F7E8-9BE8-4D59-A789-BBB96B284856}.DLL_Debug|x64.Build.0 = Debug|x64
		{0402F7E8-9BE8-4D59-A789-BBB96B284856}.DLL_Release|Win32.ActiveCfg = Release|Win32
		{0402F7E8-9BE8-4D59-A789-BBB96B284856}.DLL_Release|Win32.Build.0 = Release|Win32
		{0402F7E8-9BE8-4D59-A789-BBB96B284856}.DLL_Release|x64.ActiveCfg = Release|x64
		{0402F7E8-9BE8-4D59-A789-BBB96B284856}.DLL_Release|x64.Build.0 = Release|x64
		{0402F7E8-9BE8-4D59-A789-BBB96B284856}.LIB_Debug|Win32.ActiveCfg = Debug|Win32
		{0402F7E8-9BE8-4D59-A789-BBB96B284856}.LIB_Debug|Win32.Build.0 = Debug|Win32
		{0402F7E8-9BE8-4D59-A789-BBB96B284856}.LIB_Debug|x64.ActiveCfg = Debug|x64
		{0402F7E8-9BE8-4D59-A789-BBB96B284856}.LIB_Debug|x64.Build.0 = Debug|x64
		{0402F7E8-9BE8-4D59-A789-BBB96B284856}.LIB_OpenCL_Release|Win32.ActiveCfg = Release|Win32
		{0402F7E8-9BE8-4D59-A789-BBB96B284856}.LIB_OpenCL_Release|Win32.Build.0 = Release|Win32
		{0402F7E8-9BE8-4D59-A789-BBB96B284856}.LIB_OpenCL_Release|x64.ActiveCfg = Release|x64
		{0402F7E8-9BE8-4D59-A789-BBB96B284856}.LIB_OpenCL_Release|x64.Build.0 = Release|x64
		{0402F7E8-9BE8-4D59-A789-BBB96B284856}.LIB_Release|Win32.ActiveCfg = Release|Win32
		{0402F7E8-9BE8-4D59-A789-BBB96B284856}.LIB_Release|Win32.Build.0 = Release|Win32
		{0402F7E8-9BE8-4D59-A789-BBB96B284856}.LIB_Release|x64.ActiveCfg = Release|x64
		{0402F7E8-9BE8-4D59-A789-BBB96B284856}.LIB_Release|x64.Build.0 = Release|x64
		{0402F7E8-9BE8-4D59-A789-BBB96B284856}.Release Multithreaded|Win32.ActiveCfg = Release|Win32
		{0402F7E8-9BE8-4D59-A789-BBB96B284856}.Release Multithreaded|Win32.Build.0 = Release|Win32
		{0402F7E8-9BE8-4D59-A789-BBB96B284856}.Release Multithreaded|x64.ActiveCfg = Release|x64
		{0402F7E8-9BE8-4D59-A789-BBB96B284856}.Release Multithreaded|x64.Build.0 = Release|x64
		{0402F7E8-9BE8-4D59-A789-BBB96B284856}.Release Singlethreaded|Win32.ActiveCfg = Release|Win32
		{0402F7E8-9BE8-4D59-A789-BBB96B284856}.Release Singlethreaded|Win32.Build.0 = Release|Win32
		{0402F7E8-9BE8-4D59-A789-BBB96B284856}.Release Singlethreaded|x64.ActiveCfg = Release|x64
		{0402F7E8-9BE8-4D59-A789-BBB96B284856}.Release Singlethreaded|x64.Build.0 = Release|x64
		{0402F7E8-9BE8-4D59-A789-BBB96B284856}.Release|Win32.ActiveCfg = Release|Win32
		{0402F7E8-9BE8-4D59-A789-BBB96B284856}.Release|Win32.Build.0 = Release|Win32
		{0402F7E8-9BE8-4D59-A789-BBB96B284856}.Release|x64.ActiveCfg = Release|x64
		{0402F7E8-9BE8-4D59-A789-BBB96B284856}.Release|x64.Build.0 = Release|x64
		{C13F9A1D-8E91-4239-ABF1-E0F01F6DBADB}.Debug Multithreaded|Win32.ActiveCfg = Debug|Win32
		{C13F9A1D-8E91-4239-ABF1-E0F01F6DBADB}.Debug Multithreaded|Win32.Build.0 = Debug|Win32
		{C13F9A1D-8E91-4239-ABF1-E0F01F6DBADB}.Debug Multithreaded|x64.ActiveCfg = Debug|x64
		{C13F9A1D-8E91-4239-ABF1-E0F01F6DBADB}.Debug Multithreaded|x64.Build.0 = Debug|x64
		{C13F9A1D-8E91-4239-ABF1-E0F01F6DBADB}.Debug Singlethreaded|Win32.ActiveCfg = Debug|Win32
		{C13F9A1D-8E91-4239-ABF1-E0F01F6DBADB}.Debug Singlethreaded|Win32.Build.0 = Debug|Win32
		{C13F9A1D-8E91-4239-ABF1-E0F01F6DBADB}.Debug Singlethreaded|x64.ActiveCfg = Debug|x64
		{C13F9A1D-8E91-4239-ABF1-E0F01F6DBADB}.Debug Singlethreaded|x64.Build.0 = Debug|x64
		{C13F9A1D-8E91-4239-ABF1-E0F01F6DBADB}.Debug|Win32.ActiveCfg = Debug|Win32
		{C13F9A1D-8E91-4239-ABF1-E0F01F6DBADB}.Debug|Win32.Build.0 = Debug|Win32
		{C13F9A1D-8E91-4239-ABF1-E0F01F6DBADB}.Debug|x64.ActiveCfg = Debug|x64
		{C13F9A1D-8E91-4239-ABF1-E0F01F6DBADB}.Debug|x64.Build.0 = Debug|x64
		{C13F9A1D-8E91-4239-ABF1-E0F01F6DBADB}.DLL_Debug|Win32.ActiveCfg = Debug|Win32
		{C13F9A1D-8E91-4239-ABF1-E0F01F6DBADB}.DLL_Debug|Win32.Build.0 = Debug|Win32
		{C13F9A1D-8E91-4239-ABF1-E0F01F6DBADB}.DLL_Debug|x64.ActiveCfg = Debug|x64
		{C13F9A1D-8E91-4239-ABF1-E0F01F6DBADB}.DLL_Debug|x64.Build.0 = Debug|x64
		{C13F9A1D-8E91-4239-ABF1-E0F01F6DBADB}.DLL_Release|Win32.ActiveCfg = Release|Win32
		{C13F9A1D-8E91-4239-ABF1-E0F01F6DBADB}.DLL_Release|Win32.Build.0 = Release|Win32
		{C13F9A1D-8E91-4239-ABF1-E0F01F6DBADB}.DLL_Release|x64.ActiveCfg = Release|x64
		{C13F9A1D-8E91-4239-ABF1-E0F01F6DBADB}.DLL_Release|x64.Build.0 = Release|x64
		{C13F9A1D-8E91-4239-ABF1-E0F01F6DBADB}.LIB_Debug|Win32.ActiveCfg = Debug|Win32
		{C13F9A1D-8E91-4239-ABF1-E0F01F6DBADB}.LIB_Debug|Win32.Build.0 = Debug|Win32
		{C13F9A1D-8E91-4239-ABF1-E0F01F6DBADB}.LIB_Debug|x64.ActiveCfg = Debug|x64
		{C13F9A1D-8E91-4239-ABF1-E0F01F6DBADB}.LIB_Debug|x64.Build.0 = Debug|x64
		{C13F9A1D-8E91-4239-ABF1-E0F01F6DBADB}.LIB_OpenCL_Release|Win32.ActiveCfg = Release|Win32
		{C13F9A1D-8E91-4239-ABF1-E0F01F6DBADB}.LIB_OpenCL_Release|Win32.Build.0 = Release|Win32
		{C13F9A1D-8E91-4239-ABF1-E0F01F6DBADB}.LIB_OpenCL_Release|x64.ActiveCfg = Release|x64
		{C13F9A1D-8E91-4239-ABF1-E0F01F6DBADB}.LIB_OpenCL_Release|x64.Build.0 = Release|x64
		{C13F9A1D-8E91-4239-ABF1-E0F01F6DBADB}.LIB_Release|Win32.ActiveCfg = Release|Win32
		{C13F9A1D-8E91-4239-ABF1-E0F01F6DBADB}.LIB_Release|Win32.Build.0 = Release|Win32
		{C13F9A1D-8E91-4239-ABF1-E0F01F6DBADB}.LIB_Release|x64.ActiveCfg = Release|x64
		{C13F9A1D-8E91-4239-ABF1-E0F01F6DBADB}.LIB_Release|x64.Build.0 = Release|x64
		{C13F9A1D-8E91-4239-ABF1-E0F01F6DBADB}.Release Multithreaded|Win32.ActiveCfg = Release|Win32
		{C13F9A1D-8E91-4239-ABF1-E0F01F6DBADB}.Release Multithreaded|Win32.Build.0 = Release|Win32
		{C13F9A1D-8E91-4239-ABF1-E0F01F6DBADB}.Release Multithreaded|x64.ActiveCfg = Release|x64
		{C13F9A1D-8E91-4239-ABF1-E0F01F6DBADB}.Release Multithreaded|x64.Build.0 = Release|x64
		{C13F9A1D-8E91-4239-ABF1-E0F01F6DBADB}.Release Singlethreaded|Win32.ActiveCfg = Release|Win32
		{C13F9A1D-8E91-4239-ABF1-E0F01F6DBADB}.Release Singlethreaded|Win32.Build.0 = Release|Win32
		{C13F9A1D-8E91-4239-ABF1-E0F01F6DBADB}.Release Singlethreaded|x64.ActiveCfg = Release|x64
		{C13F9A1D-8E91-4239-ABF1-E0F01F6DBADB}.Release Singlethreaded|x64.Build.0 = Release|x64
		{C13F9A1D-8E91-4239-ABF1-E0F01F6DBADB}.Release|Win32.ActiveCfg = Release|Win32
		{C13F9A1D-8E91-4239-ABF1-E0F01F6DBADB}.Release|Win32.Build.0 = Release|Win32
		{C13F9A1D-8E91-4239-ABF1-E0F01F6DBADB}.Release|x64.ActiveCfg = Release|x64
		{C13F9A1D-8E91-4239-ABF1-E0F01F6DBADB}.Release|x64.Build.0 = Release|x64
		{78B079BD-9FC7-4B9E-B4A6-96DA0F00248B}.Debug Multithreaded|Win32.ActiveCfg = Debug Multithreaded|Win32
		{78B079BD-9FC7-4B9E-B4A6-96DA0F00248B}.Debug Multithreaded|Win32.Build.0 = Debug Multithreaded|Win32
		{78B079BD-9FC7-4B9E-B4A6-96DA0F00248B}.Debug Multithreaded|x64.ActiveCfg = Debug Multithreaded|x64
		{78B079BD-9FC7-4B9E-B4A6-96DA0F00248B}.Debug Multithreaded|x64.Build.0 = Debug Multithreaded|x64
		{78B079BD-9FC7-4B9E-B4A6-96DA0F00248B}.Debug Singlethreaded|Win32.ActiveCfg = Debug Singlethreaded|Win32
		{78B079BD-9FC7-4B9E-B4A6-96DA0F00248B}.Debug Singlethreaded|Win32.Build.0 = Debug Singlethreaded|Win32
		{78B079BD-9FC7-4B9E-B4A6-96DA0F00248B}.Debug Singlethreaded|x64.ActiveCfg = Debug Singlethreaded|x64
		{78B079BD-9FC7-4B9E-B4A6-96DA0F00248B}.Debug Singlethreaded|x64.Build.0 = Debug Singlethreaded|x64
		{78B079BD-9FC7-4B9E-B4A6-96DA0F00248B}.Debug|Win32.ActiveCfg = Debug|Win32
		{78B079BD-9FC7-4B9E-B4A6-96DA0F00248B}.Debug|Win32.Build.0 = Debug|Win32
		{78B079BD-9FC7-4B9E-B4A6-96DA0F00248B}.Debug|x64.ActiveCfg = Debug|x64
		{78B079BD-9FC7-4B9E-B4A6-96DA0F00248B}.Debug|x64.Build.0 = Debug|x64
		{78B079BD-9FC7-4B9E-B4A6-96DA0F00248B}.DLL_Debug|Win32.ActiveCfg = Debug|Win32
		{78B079BD-9FC7-4B9E-B4A6-96DA0F00248B}.DLL_Debug|Win32.Build.0 = Debug|Win32
		{78B079BD-9FC7-4B9E-B4A6-96DA0F00248B}.DLL_Debug|x64.ActiveCfg = Debug|x64
		{78B079BD-9FC7-4B9E-B4A6-96DA0F00248B}.DLL_Debug|x64.Build.0 = Debug|x64
		{78B079BD-9FC7-4B9E-B4A6-96DA0F00248B}.DLL_Release|Win32.ActiveCfg = Release|Win32
		{78B079BD-9FC7-4B9E-B4A6-96DA0F00248B}.DLL_Release|Win32.Build.0 = Release|Win32
		{78B079BD-9FC7-4B9E-B4A6-96DA0F00248B}.DLL_Release|x64.ActiveCfg = Release|x64
		{78B079BD-9FC7-4B9E-B4A6-96DA0F00248B}.DLL_Release|x64.Build.0 = Release|x64
		{78B079BD-9FC7-4B9E-B4A6-96DA0F00248B}.LIB_Debug|Win32.ActiveCfg = Debug|Win32
		{78B079BD-9FC7-4B9E-B4A6-96DA0F00248B}.LIB_Debug|Win32.Build.0 = Debug|Win32
		{78B079BD-9FC7-4B9E-B4A6-96DA0F00248B}.LIB_Debug|x64.ActiveCfg = Debug|x64
		{78B079BD-9FC7-4B9E-B4A6-96DA0F00248B}.LIB_Debug|x64.Build.0 = Debug|x64
		{78B079BD-9FC7-4B9E-B4A6-96DA0F00248B}.LIB_OpenCL_Release|Win32.ActiveCfg = Release|Win32
		{78B079BD-9FC7-4B9E-B4A6-96DA0F00248B}.LIB_OpenCL_Release|Win32.Build.0 = Release|Win32
		{78B079BD-9FC7-4B9E-B4A6-96DA0F00248B}.LIB_OpenCL_Release|x64.ActiveCfg = Release|x64
		{78B079BD-9FC7-4B9E-B4A6-96DA0F00248B}.LIB_OpenCL_Release|x64.Build.0 = Release|x64
		{78B079BD-9FC7-4B9E-B4A6-96DA0F00248B}.LIB_Release|Win32.ActiveCfg = Release|Win32
		{78B079BD-9FC7-4B9E-B4A6-96DA0F00248B}.LIB_Release|Win32.Build.0 = Release|Win32
		{78B079BD-9FC7-4B9E-B4A6-96DA0F00248B}.LIB_Release|x64.ActiveCfg = Release|x64
		{78B079BD-9FC7-4B9E-B4A6-96DA0F00248B}.LIB_Release|x64.Build.0 = Release|x64
		{78B079BD-9FC7-4B9E-B4A6-96DA0F00248B}.Release Multithreaded|Win32.ActiveCfg = Release Multithreaded|Win32
		{78B079BD-9FC7-4B9E-B4A6-96DA0F00248B}.Release Multithreaded|Win32.Build.0 = Release Multithreaded|Win32
		{78B079BD-9FC7-4B9E-B4A6-96DA0F00248B}.Release Multithreaded|x64.ActiveCfg = Release Multithreaded|x64
		{78B079BD-9FC7-4B9E-B4A6-96DA0F00248B}.Release Multithreaded|x64.Build.0 = Release Multithreaded|x64
		{78B079BD-9FC7-4B9E-B4A6-96DA0F00248B}.Release Singlethreaded|Win32.ActiveCfg = Release Singlethreaded|Win32
		{78B079BD-9FC7-4B9E-B4A6-96DA0F00248B}.Release Singlethreaded|Win32.Build.0 = Release Singlethreaded|Win32
		{78B079BD-9FC7-4B9E-B4A6-96DA0F00248B}.Release Singlethreaded|x64.ActiveCfg = Release Singlethreaded|x64
		{78B079BD-9FC7-4B9E-B4A6-96DA0F00248B}.Release Singlethreaded|x64.Build.0 = Release Singlethreaded|x64
		{78B079BD-9FC7-4B9E-B4A6-96DA0F00248B}.Release|Win32.ActiveCfg = Release|Win32
		{78B079BD-9FC7-4B9E-B4A6-96DA0F00248B}.Release|Win32.Build.0 = Release|Win32
		{78B079BD-9FC7-4B9E-B4A6-96DA0F00248B}.Release|x64.ActiveCfg = Release|x64
		{78B079BD-9FC7-4B9E-B4A6-96DA0F00248B}.Release|x64.Build.0 = Release|x64
		{D14F28C7-0CAE-4C37-B174-40FDEFBD4FE0}.Debug Multithreaded|Win32.ActiveCfg = DLL_Release|Win32
		{D14F28C7-0CAE-4C37-B174-40FDEFBD4FE0}.Debug Multithreaded|Win32.Build.0 = DLL_Release|Win32
		{D14F28C7-0CAE-4C37-B174-40FDEFBD4FE0}.Debug Multithreaded|x64.ActiveCfg = DLL_Release|x64
		{D14F28C7-0CAE-4C37-B174-40FDEFBD4FE0}.Debug Multithreaded|x64.Build.0 = DLL_Release|x64
		{D14F28C7-0CAE-4C37-B174-40FDEFBD4FE0}.Debug Singlethreaded|Win32.ActiveCfg = DLL_Release|Win32
		{D14F28C7-0CAE-4C37-B174-40FDEFBD4FE0}.Debug Singlethreaded|Win32.Build.0 = DLL_Release|Win32
		{D14F28C7-0CAE-4C37-B174-40FDEFBD4FE0}.Debug Singlethreaded|x64.ActiveCfg = DLL_Release|x64
		{D14F28C7-0CAE-4C37-B174-40FDEFBD4FE0}.Debug Singlethreaded|x64.Build.0 = DLL_Release|x64
		{D14F28C7-0CAE-4C37-B174-40FDEFBD4FE0}.Debug|Win32.ActiveCfg = DLL_Debug|Win32
		{D14F28C7-0CAE-4C37-B174-40FDEFBD4FE0}.Debug|Win32.Build.0 = DLL_Debug|Win32
		{D14F28C7-0CAE-4C37-B174-40FDEFBD4FE0}.Debug|x64.ActiveCfg = DLL_Debug|x64
		{D14F28C7-0CAE-4C37-B174-40FDEFBD4FE0}.Debug|x64.Build.0 = DLL_Debug|x64
		{D14F28C7-0CAE-4C37-B174-40FDEFBD4FE0}.DLL_Debug|Win32.ActiveCfg = DLL_Debug|Win32
		{D14F28C7-0CAE-4C37-B174-40FDEFBD4FE0}.DLL_Debug|Win32.Build.0 = DLL_Debug|Win32
		{D14F28C7-0CAE-4C37-B174-40FDEFBD4FE0}.DLL_Debug|x64.ActiveCfg = DLL_Debug|x64
		{D14F28C7-0CAE-4C37-B174-40FDEFBD4FE0}.DLL_Debug|x64.Build.0 = DLL_Debug|x64
		{D14F28C7-0CAE-4C37-B174-40FDEFBD4FE0}.DLL_Release|Win32.ActiveCfg = DLL_Release|Win32
		{D14F28C7-0CAE-4C37-B174-40FDEFBD4FE0}.DLL_Release|Win32.Build.0 = DLL_Release|Win32
		{D14F28C7-0CAE-4C37-B174-40FDEFBD4FE0}.DLL_Release|x64.ActiveCfg = DLL_Release|x64
		{D14F28C7-0CAE-4C37-B174-40FDEFBD4FE0}.DLL_Release|x64.Build.0 = DLL_Release|x64
		{D14F28C7-0CAE-4C37-B174-40FDEFBD4FE0}.LIB_Debug|Win32.ActiveCfg = LIB_Debug|Win32
		{D14F28C7-0CAE-4C37-B174-40FDEFBD4FE0}.LIB_Debug|Win32.Build.0 = LIB_Debug|Win32
		{D14F28C7-0CAE-4C37-B174-40FDEFBD4FE0}.LIB_Debug|x64.ActiveCfg = LIB_Debug|x64
		{D14F28C7-0CAE-4C37-B174-40FDEFBD4FE0}.LIB_Debug|x64.Build.0 = LIB_Debug|x64
		{D14F28C7-0CAE-4C37-B174-40FDEFBD4FE0}.LIB_OpenCL_Release|Win32.ActiveCfg = LIB_OpenCL_Release|Win32
		{D14F28C7-0CAE-4C37-B174-40FDEFBD4FE0}.LIB_OpenCL_Release|Win32.Build.0 = LIB_OpenCL_Release|Win32
		{D14F28C7-0CAE-4C37-B174-40FDEFBD4FE0}.LIB_OpenCL_Release|x64.ActiveCfg = LIB_OpenCL_Release|x64
		{D14F28C7-0CAE-4C37-B174-40FDEFBD4FE0}.LIB_OpenCL_Release|x64.Build.0 = LIB_OpenCL_Release|x64
		{D14F28C7-0CAE-4C37-B174-40FDEFBD4FE0}.LIB_Release|Win32.ActiveCfg = LIB_Release|Win32
		{D14F28C7-0CAE-4C37-B174-40FDEFBD4FE0}.LIB_Release|Win32.Build.0 = LIB_Release|Win32
		{D14F28C7-0CAE-4C37-B174-40FDEFBD4FE0}.LIB_Release|x64.ActiveCfg = LIB_Release|x64
		{D14F28C7-0CAE-4C37-B174-40FDEFBD4FE0}.LIB_Release|x64.Build.0 = LIB_Release|x64
		{D14F28C7-0CAE-4C37-B174-40FDEFBD4FE0}.Release Multithreaded|Win32.ActiveCfg = DLL_Release|Win32
		{D14F28C7-0CAE-4C37-B174-40FDEFBD4FE0}.Release Multithreaded|Win32.Build.0 = DLL_Release|Win32
		{D14F28C7-0CAE-4C37-B174-40FDEFBD4FE0}.Release Multithreaded|x64.ActiveCfg = DLL_Release|x64
		{D14F28C7-0CAE-4C37-B174-40FDEFBD4FE0}.Release Multithreaded|x64.Build.0 = DLL_Release|x64
		{D14F28C7-0CAE-4C37-B174-40FDEFBD4FE0}.Release Singlethreaded|Win32.ActiveCfg = DLL_Release|Win32
		{D14F28C7-0CAE-4C37-B174-40FDEFBD4FE0}.Release Singlethreaded|Win32.Build.0 = DLL_Release|Win32
		{D14F28C7-0CAE-4C37-B174-40FDEFBD4FE0}.Release Singlethreaded|x64.ActiveCfg = DLL_Release|x64
		{D14F28C7-0CAE-4C37-B174-40FDEFBD4FE0}.Release Singlethreaded|x64.Build.0 = DLL_Release|x64
		{D14F28C7-0CAE-4C37-B174-40FDEFBD4FE0}.Release|Win32.ActiveCfg = DLL_Release|Win32
		{D14F28C7-0CAE-4C37-B174-40FDEFBD4FE0}.Release|Win32.Build.0 = DLL_Release|Win32
		{D14F28C7-0CAE-4C37-B174-40FDEFBD4FE0}.Release|x64.ActiveCfg = DLL_Release|x64
		{D14F28C7-0CAE-4C37-B174-40FDEFBD4FE0}.Release|x64.Build.0 = DLL_Release|x64
		{C76996CB-C4CB-4D89-9F67-F605DF129618}.Debug Multithreaded|Win32.ActiveCfg = DLL_Release|Win32
		{C76996CB-C4CB-4D89-9F67-F605DF129618}.Debug Multithreaded|Win32.Build.0 = DLL_Release|Win32
		{C76996CB-C4CB-4D89-9F67-F605DF129618}.Debug Multithreaded|x64.ActiveCfg = DLL_Release|x64
		{C76996CB-C4CB-4D89-9F67-F605DF129618}.Debug Multithreaded|x64.Build.0 = DLL_Release|x64
		{C76996CB-C4CB-4D89-9F67-F605DF129618}.Debug Singlethreaded|Win32.ActiveCfg = DLL_Release|Win32
		{C76996CB-C4CB-4D89-9F67-F605DF129618}.Debug Singlethreaded|Win32.Build.0 = DLL_Release|Win32
		{C76996CB-C4CB-4D89-9F67-F605DF129618}.Debug Singlethreaded|x64.ActiveCfg = DLL_Release|x64
		{C76996CB-C4CB-4D89-9F67-F605DF129618}.Debug Singlethreaded|x64.Build.0 = DLL_Release|x64
		{C76996CB-C4CB-4D89-9F67-F605DF129618}.Debug|Win32.ActiveCfg = DLL_Debug|Win32
		{C76996CB-C4CB-4D89-9F67-F605DF129618}.Debug|Win32.Build.0 = DLL_Debug|Win32
		{C76996CB-C4CB-4D89-9F67-F605DF129618}.Debug|x64.ActiveCfg = DLL_Debug|x64
		{C76996CB-C4CB-4D89-9F67-F605DF129618}.Debug|x64.Build.0 = DLL_Debug|x64
		{C76996CB-C4CB-4D89-9F67-F605DF129618}.DLL_Debug|Win32.ActiveCfg = DLL_Debug|Win32
		{C76996CB-C4CB-4D89-9F67-F605DF129618}.DLL_Debug|Win32.Build.0 = DLL_Debug|Win32
		{C76996CB-C4CB-4D89-9F67-F605DF129618}.DLL_Debug|x64.ActiveCfg = DLL_Debug|x64
		{C76996CB-C4CB-4D89-9F67-F605DF129618}.DLL_Debug|x64.Build.0 = DLL_Debug|x64
		{C76996CB-C4CB-4D89-9F67-F605DF129618}.DLL_Release|Win32.ActiveCfg = DLL_Release|Win32
		{C76996CB-C4CB-4D89-9F67-F605DF129618}.DLL_Release|Win32.Build.0 = DLL_Release|Win32
		{C76996CB-C4CB-4D89-9F67-F605DF129618}.DLL_Release|x64.ActiveCfg = DLL_Release|x64
		{C76996CB-C4CB-4D89-9F67-F605DF129618}.DLL_Release|x64.Build.0 = DLL_Release|x64
		{C76996CB-C4CB-4D89-9F67-F605DF129618}.LIB_Debug|Win32.ActiveCfg = LIB_Debug|Win32
		{C76996CB-C4CB-4D89-9F67-F605DF129618}.LIB_Debug|Win32.Build.0 = LIB_Debug|Win32
		{C76996CB-C4CB-4D89-9F67-F605DF129618}.LIB_Debug|x64.ActiveCfg = LIB_Debug|x64
		{C76996CB-C4CB-4D89-9F67-F605DF129618}.LIB_Debug|x64.Build.0 = LIB_Debug|x64
		{C76996CB-C4CB-4D89-9F67-F605DF129618}.LIB_OpenCL_Release|Win32.ActiveCfg = LIB_OpenCL_Release|Win32
		{C76996CB-C4CB-4D89-9F67-F605DF129618}.LIB_OpenCL_Release|Win32.Build.0 = LIB_OpenCL_Release|Win32
		{C76996CB-C4CB-4D89-9F67-F605DF129618}.LIB_OpenCL_Release|x64.ActiveCfg = LIB_OpenCL_Release|x64
		{C76996CB-C4CB-4D89-9F67-F605DF129618}.LIB_OpenCL_Release|x64.Build.0 = LIB_OpenCL_Release|x64
		{C76996CB-C4CB-4D89-9F67-F605DF129618}.LIB_Release|Win32.ActiveCfg = LIB_Release|Win32
		{C76996CB-C4CB-4D89-9F67-F605DF129618}.LIB_Release|Win32.Build.0 = LIB_Release|Win32
		{C76996CB-C4CB-4D89-9F67-F605DF129618}.LIB_Release|x64.ActiveCfg = LIB_Release|x64
		{C76996CB-C4CB-4D89-9F67-F605DF129618}.LIB_Release|x64.Build.0 = LIB_Release|x64
		{C76996CB-C4CB-4D89-9F67-F605DF129618}.Release Multithreaded|Win32.ActiveCfg = DLL_Release|Win32
		{C76996CB-C4CB-4D89-9F67-F605DF129618}.Release Multithreaded|Win32.Build.0 = DLL_Release|Win32
		{C76996CB-C4CB-4D89-9F67-F605DF129618}.Release Multithreaded|x64.ActiveCfg = DLL_Release|x64
		{C76996CB-C4CB-4D89-9F67-F605DF129618}.Release Multithreaded|x64.Build.0 = DLL_Release|x64
		{C76996CB-C4CB-4D89-9F67-F605DF129618}.Release Singlethreaded|Win32.ActiveCfg = DLL_Release|Win32
		{C76996CB-C4CB-4D89-9F67-F605DF129618}.Release Singlethreaded|Win32.Build.0 = DLL_Release|Win32
		{C76996CB-C4CB-4D89-9F67-F605DF129618}.Release Singlethreaded|x64.ActiveCfg = DLL_Release|x64
		{C76996CB-C4CB-4D89-9F67-F605DF129618}.Release Singlethreaded|x64.Build.0 = DLL_Release|x64
		{C76996CB-C4CB-4D89-9F67-F605DF129618}.Release|Win32.ActiveCfg = DLL_Release|Win32
		{C76996CB-C4CB-4D89-9F67-F605DF129618}.Release|Win32.Build.0 = DLL_Release|Win32
		{C76996CB-C4CB-4D89-9F67-F605DF129618}.Release|x64.ActiveCfg = DLL_Release|x64
		{C76996CB-C4CB-4D89-9F67-F605DF129618}.Release|x64.Build.0 = DLL_Release|x64
	EndGlobalSection
	GlobalSection(SolutionProperties) = preSolution
		HideSolutionNode = FALSE
	EndGlobalSection
EndGlobal
