<?xml version="1.0" encoding="utf-8"?>
<Project ToolsVersion="4.0" xmlns="http://schemas.microsoft.com/developer/msbuild/2003">
  <ItemGroup>
    <Filter Include="Header Files">
      <UniqueIdentifier>{93995380-89BD-4b04-88EB-625FBE52EBFB}</UniqueIdentifier>
      <Extensions>h;hpp;hxx;hm;inl;inc;xsd</Extensions>
    </Filter>
    <Filter Include="Source Files">
      <UniqueIdentifier>{4FC737F1-C7A5-4376-A066-2A32D752A2FF}</UniqueIdentifier>
      <Extensions>cpp;c;cc;cxx;def;odl;idl;hpj;bat;asm;asmx</Extensions>
    </Filter>
  </ItemGroup>
  <ItemGroup>
    <ClInclude Include="include\allheaders.h">
      <Filter>Header Files</Filter>
    </ClInclude>
    <ClInclude Include="include\alltypes.h">
      <Filter>Header Files</Filter>
    </ClInclude>
    <ClInclude Include="include\array.h">
      <Filter>Header Files</Filter>
    </ClInclude>
    <ClInclude Include="include\arrayaccess.h">
      <Filter>Header Files</Filter>
    </ClInclude>
    <ClInclude Include="include\bbuffer.h">
      <Filter>Header Files</Filter>
    </ClInclude>
    <ClInclude Include="include\bilateral.h">
      <Filter>Header Files</Filter>
    </ClInclude>
    <ClInclude Include="include\bmf.h">
      <Filter>Header Files</Filter>
    </ClInclude>
    <ClInclude Include="include\bmp.h">
      <Filter>Header Files</Filter>
    </ClInclude>
    <ClInclude Include="include\ccbord.h">
      <Filter>Header Files</Filter>
    </ClInclude>
    <ClInclude Include="include\dewarp.h">
      <Filter>Header Files</Filter>
    </ClInclude>
    <ClInclude Include="include\endianness.h">
      <Filter>Header Files</Filter>
    </ClInclude>
    <ClInclude Include="include\environ.h">
      <Filter>Header Files</Filter>
    </ClInclude>
    <ClInclude Include="include\gplot.h">
      <Filter>Header Files</Filter>
    </ClInclude>
    <ClInclude Include="include\heap.h">
      <Filter>Header Files</Filter>
    </ClInclude>
    <ClInclude Include="include\imageio.h">
      <Filter>Header Files</Filter>
    </ClInclude>
    <ClInclude Include="include\jbclass.h">
      <Filter>Header Files</Filter>
    </ClInclude>
    <ClInclude Include="include\leptwin.h">
      <Filter>Header Files</Filter>
    </ClInclude>
    <ClInclude Include="include\list.h">
      <Filter>Header Files</Filter>
    </ClInclude>
    <ClInclude Include="include\morph.h">
      <Filter>Header Files</Filter>
    </ClInclude>
    <ClInclude Include="include\pix.h">
      <Filter>Header Files</Filter>
    </ClInclude>
    <ClInclude Include="include\ptra.h">
      <Filter>Header Files</Filter>
    </ClInclude>
    <ClInclude Include="include\queue.h">
      <Filter>Header Files</Filter>
    </ClInclude>
    <ClInclude Include="include\readbarcode.h">
      <Filter>Header Files</Filter>
    </ClInclude>
    <ClInclude Include="include\recog.h">
      <Filter>Header Files</Filter>
    </ClInclude>
    <ClInclude Include="include\regutils.h">
      <Filter>Header Files</Filter>
    </ClInclude>
    <ClInclude Include="include\stack.h">
      <Filter>Header Files</Filter>
    </ClInclude>
    <ClInclude Include="include\sudoku.h">
      <Filter>Header Files</Filter>
    </ClInclude>
    <ClInclude Include="include\watershed.h">
      <Filter>Header Files</Filter>
    </ClInclude>
  </ItemGroup>
  <ItemGroup>
    <ClCompile Include="src\adaptmap.cpp">
      <Filter>Source Files</Filter>
    </ClCompile>
    <ClCompile Include="src\affine.cpp">
      <Filter>Source Files</Filter>
    </ClCompile>
    <ClCompile Include="src\affinecompose.cpp">
      <Filter>Source Files</Filter>
    </ClCompile>
    <ClCompile Include="src\arrayaccess.cpp">
      <Filter>Source Files</Filter>
    </ClCompile>
    <ClCompile Include="src\bardecode.cpp">
      <Filter>Source Files</Filter>
    </ClCompile>
    <ClCompile Include="src\baseline.cpp">
      <Filter>Source Files</Filter>
    </ClCompile>
    <ClCompile Include="src\bbuffer.cpp">
      <Filter>Source Files</Filter>
    </ClCompile>
    <ClCompile Include="src\bilateral.cpp">
      <Filter>Source Files</Filter>
    </ClCompile>
    <ClCompile Include="src\bilinear.cpp">
      <Filter>Source Files</Filter>
    </ClCompile>
    <ClCompile Include="src\binarize.cpp">
      <Filter>Source Files</Filter>
    </ClCompile>
    <ClCompile Include="src\binexpand.cpp">
      <Filter>Source Files</Filter>
    </ClCompile>
    <ClCompile Include="src\binreduce.cpp">
      <Filter>Source Files</Filter>
    </ClCompile>
    <ClCompile Include="src\blend.cpp">
      <Filter>Source Files</Filter>
    </ClCompile>
    <ClCompile Include="src\bmf.cpp">
      <Filter>Source Files</Filter>
    </ClCompile>
    <ClCompile Include="src\bmpio.cpp">
      <Filter>Source Files</Filter>
    </ClCompile>
    <ClCompile Include="src\bmpiostub.cpp">
      <Filter>Source Files</Filter>
    </ClCompile>
    <ClCompile Include="src\boxbasic.cpp">
      <Filter>Source Files</Filter>
    </ClCompile>
    <ClCompile Include="src\boxfunc1.cpp">
      <Filter>Source Files</Filter>
    </ClCompile>
    <ClCompile Include="src\boxfunc2.cpp">
      <Filter>Source Files</Filter>
    </ClCompile>
    <ClCompile Include="src\boxfunc3.cpp">
      <Filter>Source Files</Filter>
    </ClCompile>
    <ClCompile Include="src\boxfunc4.cpp">
      <Filter>Source Files</Filter>
    </ClCompile>
    <ClCompile Include="src\bytearray.cpp">
      <Filter>Source Files</Filter>
    </ClCompile>
    <ClCompile Include="src\ccbord.cpp">
      <Filter>Source Files</Filter>
    </ClCompile>
    <ClCompile Include="src\ccthin.cpp">
      <Filter>Source Files</Filter>
    </ClCompile>
    <ClCompile Include="src\classapp.cpp">
      <Filter>Source Files</Filter>
    </ClCompile>
    <ClCompile Include="src\colorcontent.cpp">
      <Filter>Source Files</Filter>
    </ClCompile>
    <ClCompile Include="src\coloring.cpp">
      <Filter>Source Files</Filter>
    </ClCompile>
    <ClCompile Include="src\colormap.cpp">
      <Filter>Source Files</Filter>
    </ClCompile>
    <ClCompile Include="src\colormorph.cpp">
      <Filter>Source Files</Filter>
    </ClCompile>
    <ClCompile Include="src\colorquant1.cpp">
      <Filter>Source Files</Filter>
    </ClCompile>
    <ClCompile Include="src\colorquant2.cpp">
      <Filter>Source Files</Filter>
    </ClCompile>
    <ClCompile Include="src\colorseg.cpp">
      <Filter>Source Files</Filter>
    </ClCompile>
    <ClCompile Include="src\colorspace.cpp">
      <Filter>Source Files</Filter>
    </ClCompile>
    <ClCompile Include="src\compare.cpp">
      <Filter>Source Files</Filter>
    </ClCompile>
    <ClCompile Include="src\conncomp.cpp">
      <Filter>Source Files</Filter>
    </ClCompile>
    <ClCompile Include="src\convertfiles.cpp">
      <Filter>Source Files</Filter>
    </ClCompile>
    <ClCompile Include="src\convolve.cpp">
      <Filter>Source Files</Filter>
    </ClCompile>
    <ClCompile Include="src\convolvelow.cpp">
      <Filter>Source Files</Filter>
    </ClCompile>
    <ClCompile Include="src\correlscore.cpp">
      <Filter>Source Files</Filter>
    </ClCompile>
    <ClCompile Include="src\dewarp1.cpp">
      <Filter>Source Files</Filter>
    </ClCompile>
    <ClCompile Include="src\dewarp2.cpp">
      <Filter>Source Files</Filter>
    </ClCompile>
    <ClCompile Include="src\dewarp3.cpp">
      <Filter>Source Files</Filter>
    </ClCompile>
    <ClCompile Include="src\dewarp4.cpp">
      <Filter>Source Files</Filter>
    </ClCompile>
    <ClCompile Include="src\dnabasic.cpp">
      <Filter>Source Files</Filter>
    </ClCompile>
    <ClCompile Include="src\dwacomb.2.cpp">
      <Filter>Source Files</Filter>
    </ClCompile>
    <ClCompile Include="src\dwacomblow.2.cpp">
      <Filter>Source Files</Filter>
    </ClCompile>
    <ClCompile Include="src\edge.cpp">
      <Filter>Source Files</Filter>
    </ClCompile>
    <ClCompile Include="src\endiantest.cpp">
      <Filter>Source Files</Filter>
    </ClCompile>
    <ClCompile Include="src\enhance.cpp">
      <Filter>Source Files</Filter>
    </ClCompile>
    <ClCompile Include="src\fhmtauto.cpp">
      <Filter>Source Files</Filter>
    </ClCompile>
    <ClCompile Include="src\fhmtgen.1.cpp">
      <Filter>Source Files</Filter>
    </ClCompile>
    <ClCompile Include="src\fhmtgenlow.1.cpp">
      <Filter>Source Files</Filter>
    </ClCompile>
    <ClCompile Include="src\finditalic.cpp">
      <Filter>Source Files</Filter>
    </ClCompile>
    <ClCompile Include="src\flipdetect.cpp">
      <Filter>Source Files</Filter>
    </ClCompile>
    <ClCompile Include="src\fliphmtgen.cpp">
      <Filter>Source Files</Filter>
    </ClCompile>
    <ClCompile Include="src\fmorphauto.cpp">
      <Filter>Source Files</Filter>
    </ClCompile>
    <ClCompile Include="src\fmorphgen.1.cpp">
      <Filter>Source Files</Filter>
    </ClCompile>
    <ClCompile Include="src\fmorphgenlow.1.cpp">
      <Filter>Source Files</Filter>
    </ClCompile>
    <ClCompile Include="src\fpix1.cpp">
      <Filter>Source Files</Filter>
    </ClCompile>
    <ClCompile Include="src\fpix2.cpp">
      <Filter>Source Files</Filter>
    </ClCompile>
    <ClCompile Include="src\gifio.cpp">
      <Filter>Source Files</Filter>
    </ClCompile>
    <ClCompile Include="src\gifiostub.cpp">
      <Filter>Source Files</Filter>
    </ClCompile>
    <ClCompile Include="src\gplot.cpp">
      <Filter>Source Files</Filter>
    </ClCompile>
    <ClCompile Include="src\graphics.cpp">
      <Filter>Source Files</Filter>
    </ClCompile>
    <ClCompile Include="src\graymorph.cpp">
      <Filter>Source Files</Filter>
    </ClCompile>
    <ClCompile Include="src\graymorphlow.cpp">
      <Filter>Source Files</Filter>
    </ClCompile>
    <ClCompile Include="src\grayquant.cpp">
      <Filter>Source Files</Filter>
    </ClCompile>
    <ClCompile Include="src\grayquantlow.cpp">
      <Filter>Source Files</Filter>
    </ClCompile>
    <ClCompile Include="src\heap.cpp">
      <Filter>Source Files</Filter>
    </ClCompile>
    <ClCompile Include="src\jbclass.cpp">
      <Filter>Source Files</Filter>
    </ClCompile>
    <ClCompile Include="src\jp2kheader.cpp">
      <Filter>Source Files</Filter>
    </ClCompile>
    <ClCompile Include="src\jp2kheaderstub.cpp">
      <Filter>Source Files</Filter>
    </ClCompile>
    <ClCompile Include="src\jp2kio.cpp">
      <Filter>Source Files</Filter>
    </ClCompile>
    <ClCompile Include="src\jp2kiostub.cpp">
      <Filter>Source Files</Filter>
    </ClCompile>
    <ClCompile Include="src\jpegio.cpp">
      <Filter>Source Files</Filter>
    </ClCompile>
    <ClCompile Include="src\jpegiostub.cpp">
      <Filter>Source Files</Filter>
    </ClCompile>
    <ClCompile Include="src\kernel.cpp">
      <Filter>Source Files</Filter>
    </ClCompile>
    <ClCompile Include="src\leptwin.cpp">
      <Filter>Source Files</Filter>
    </ClCompile>
    <ClCompile Include="src\libversions.cpp">
      <Filter>Source Files</Filter>
    </ClCompile>
    <ClCompile Include="src\list.cpp">
      <Filter>Source Files</Filter>
    </ClCompile>
    <ClCompile Include="src\maze.cpp">
      <Filter>Source Files</Filter>
    </ClCompile>
    <ClCompile Include="src\morph.cpp">
      <Filter>Source Files</Filter>
    </ClCompile>
    <ClCompile Include="src\morphapp.cpp">
      <Filter>Source Files</Filter>
    </ClCompile>
    <ClCompile Include="src\morphdwa.cpp">
      <Filter>Source Files</Filter>
    </ClCompile>
    <ClCompile Include="src\morphseq.cpp">
      <Filter>Source Files</Filter>
    </ClCompile>
    <ClCompile Include="src\numabasic.cpp">
      <Filter>Source Files</Filter>
    </ClCompile>
    <ClCompile Include="src\numafunc1.cpp">
      <Filter>Source Files</Filter>
    </ClCompile>
    <ClCompile Include="src\numafunc2.cpp">
      <Filter>Source Files</Filter>
    </ClCompile>
    <ClCompile Include="src\pageseg.cpp">
      <Filter>Source Files</Filter>
    </ClCompile>
    <ClCompile Include="src\paintcmap.cpp">
      <Filter>Source Files</Filter>
    </ClCompile>
    <ClCompile Include="src\parseprotos.cpp">
      <Filter>Source Files</Filter>
    </ClCompile>
    <ClCompile Include="src\partition.cpp">
      <Filter>Source Files</Filter>
    </ClCompile>
    <ClCompile Include="src\pdfio1.cpp">
      <Filter>Source Files</Filter>
    </ClCompile>
    <ClCompile Include="src\pdfio1stub.cpp">
      <Filter>Source Files</Filter>
    </ClCompile>
    <ClCompile Include="src\pdfio2.cpp">
      <Filter>Source Files</Filter>
    </ClCompile>
    <ClCompile Include="src\pdfio2stub.cpp">
      <Filter>Source Files</Filter>
    </ClCompile>
    <ClCompile Include="src\pix1.cpp">
      <Filter>Source Files</Filter>
    </ClCompile>
    <ClCompile Include="src\pix2.cpp">
      <Filter>Source Files</Filter>
    </ClCompile>
    <ClCompile Include="src\pix3.cpp">
      <Filter>Source Files</Filter>
    </ClCompile>
    <ClCompile Include="src\pix4.cpp">
      <Filter>Source Files</Filter>
    </ClCompile>
    <ClCompile Include="src\pix5.cpp">
      <Filter>Source Files</Filter>
    </ClCompile>
    <ClCompile Include="src\pixabasic.cpp">
      <Filter>Source Files</Filter>
    </ClCompile>
    <ClCompile Include="src\pixacc.cpp">
      <Filter>Source Files</Filter>
    </ClCompile>
    <ClCompile Include="src\pixafunc1.cpp">
      <Filter>Source Files</Filter>
    </ClCompile>
    <ClCompile Include="src\pixafunc2.cpp">
      <Filter>Source Files</Filter>
    </ClCompile>
    <ClCompile Include="src\pixalloc.cpp">
      <Filter>Source Files</Filter>
    </ClCompile>
    <ClCompile Include="src\pixarith.cpp">
      <Filter>Source Files</Filter>
    </ClCompile>
    <ClCompile Include="src\pixcomp.cpp">
      <Filter>Source Files</Filter>
    </ClCompile>
    <ClCompile Include="src\pixconv.cpp">
      <Filter>Source Files</Filter>
    </ClCompile>
    <ClCompile Include="src\pixlabel.cpp">
      <Filter>Source Files</Filter>
    </ClCompile>
    <ClCompile Include="src\pixtiling.cpp">
      <Filter>Source Files</Filter>
    </ClCompile>
    <ClCompile Include="src\pngio.cpp">
      <Filter>Source Files</Filter>
    </ClCompile>
    <ClCompile Include="src\pngiostub.cpp">
      <Filter>Source Files</Filter>
    </ClCompile>
    <ClCompile Include="src\pnmio.cpp">
      <Filter>Source Files</Filter>
    </ClCompile>
    <ClCompile Include="src\pnmiostub.cpp">
      <Filter>Source Files</Filter>
    </ClCompile>
    <ClCompile Include="src\projective.cpp">
      <Filter>Source Files</Filter>
    </ClCompile>
    <ClCompile Include="src\psio1.cpp">
      <Filter>Source Files</Filter>
    </ClCompile>
    <ClCompile Include="src\psio1stub.cpp">
      <Filter>Source Files</Filter>
    </ClCompile>
    <ClCompile Include="src\psio2.cpp">
      <Filter>Source Files</Filter>
    </ClCompile>
    <ClCompile Include="src\psio2stub.cpp">
      <Filter>Source Files</Filter>
    </ClCompile>
    <ClCompile Include="src\ptabasic.cpp">
      <Filter>Source Files</Filter>
    </ClCompile>
    <ClCompile Include="src\ptafunc1.cpp">
      <Filter>Source Files</Filter>
    </ClCompile>
    <ClCompile Include="src\ptra.cpp">
      <Filter>Source Files</Filter>
    </ClCompile>
    <ClCompile Include="src\quadtree.cpp">
      <Filter>Source Files</Filter>
    </ClCompile>
    <ClCompile Include="src\queue.cpp">
      <Filter>Source Files</Filter>
    </ClCompile>
    <ClCompile Include="src\rank.cpp">
      <Filter>Source Files</Filter>
    </ClCompile>
    <ClCompile Include="src\readbarcode.cpp">
      <Filter>Source Files</Filter>
    </ClCompile>
    <ClCompile Include="src\readfile.cpp">
      <Filter>Source Files</Filter>
    </ClCompile>
    <ClCompile Include="src\recogbasic.cpp">
      <Filter>Source Files</Filter>
    </ClCompile>
    <ClCompile Include="src\recogdid.cpp">
      <Filter>Source Files</Filter>
    </ClCompile>
    <ClCompile Include="src\recogident.cpp">
      <Filter>Source Files</Filter>
    </ClCompile>
    <ClCompile Include="src\recogtrain.cpp">
      <Filter>Source Files</Filter>
    </ClCompile>
    <ClCompile Include="src\regutils.cpp">
      <Filter>Source Files</Filter>
    </ClCompile>
    <ClCompile Include="src\rop.cpp">
      <Filter>Source Files</Filter>
    </ClCompile>
    <ClCompile Include="src\ropiplow.cpp">
      <Filter>Source Files</Filter>
    </ClCompile>
    <ClCompile Include="src\roplow.cpp">
      <Filter>Source Files</Filter>
    </ClCompile>
    <ClCompile Include="src\rotate.cpp">
      <Filter>Source Files</Filter>
    </ClCompile>
    <ClCompile Include="src\rotateam.cpp">
      <Filter>Source Files</Filter>
    </ClCompile>
    <ClCompile Include="src\rotateamlow.cpp">
      <Filter>Source Files</Filter>
    </ClCompile>
    <ClCompile Include="src\rotateorth.cpp">
      <Filter>Source Files</Filter>
    </ClCompile>
    <ClCompile Include="src\rotateshear.cpp">
      <Filter>Source Files</Filter>
    </ClCompile>
    <ClCompile Include="src\runlength.cpp">
      <Filter>Source Files</Filter>
    </ClCompile>
    <ClCompile Include="src\sarray.cpp">
      <Filter>Source Files</Filter>
    </ClCompile>
    <ClCompile Include="src\scale.cpp">
      <Filter>Source Files</Filter>
    </ClCompile>
    <ClCompile Include="src\scalelow.cpp">
      <Filter>Source Files</Filter>
    </ClCompile>
    <ClCompile Include="src\seedfill.cpp">
      <Filter>Source Files</Filter>
    </ClCompile>
    <ClCompile Include="src\seedfilllow.cpp">
      <Filter>Source Files</Filter>
    </ClCompile>
    <ClCompile Include="src\sel1.cpp">
      <Filter>Source Files</Filter>
    </ClCompile>
    <ClCompile Include="src\sel2.cpp">
      <Filter>Source Files</Filter>
    </ClCompile>
    <ClCompile Include="src\selgen.cpp">
      <Filter>Source Files</Filter>
    </ClCompile>
    <ClCompile Include="src\shear.cpp">
      <Filter>Source Files</Filter>
    </ClCompile>
    <ClCompile Include="src\skew.cpp">
      <Filter>Source Files</Filter>
    </ClCompile>
    <ClCompile Include="src\spixio.cpp">
      <Filter>Source Files</Filter>
    </ClCompile>
    <ClCompile Include="src\stack.cpp">
      <Filter>Source Files</Filter>
    </ClCompile>
    <ClCompile Include="src\sudoku.cpp">
      <Filter>Source Files</Filter>
    </ClCompile>
    <ClCompile Include="src\textops.cpp">
      <Filter>Source Files</Filter>
    </ClCompile>
    <ClCompile Include="src\tiffio.cpp">
      <Filter>Source Files</Filter>
    </ClCompile>
    <ClCompile Include="src\tiffiostub.cpp">
      <Filter>Source Files</Filter>
    </ClCompile>
    <ClCompile Include="src\utils.cpp">
      <Filter>Source Files</Filter>
    </ClCompile>
    <ClCompile Include="src\viewfiles.cpp">
      <Filter>Source Files</Filter>
    </ClCompile>
    <ClCompile Include="src\warper.cpp">
      <Filter>Source Files</Filter>
    </ClCompile>
    <ClCompile Include="src\watershed.cpp">
      <Filter>Source Files</Filter>
    </ClCompile>
    <ClCompile Include="src\webpio.cpp">
      <Filter>Source Files</Filter>
    </ClCompile>
    <ClCompile Include="src\webpiostub.cpp">
      <Filter>Source Files</Filter>
    </ClCompile>
    <ClCompile Include="src\writefile.cpp">
      <Filter>Source Files</Filter>
    </ClCompile>
    <ClCompile Include="src\zlibmem.cpp">
      <Filter>Source Files</Filter>
    </ClCompile>
    <ClCompile Include="src\zlibmemstub.cpp">
      <Filter>Source Files</Filter>
    </ClCompile>
    <ClCompile Include="src\freetype.cpp">
      <Filter>Source Files</Filter>
    </ClCompile>
  </ItemGroup>
  <ItemGroup>
    <None Include="..\freetype-2.5.3\builds\windows\vc2012\freetype.vcxproj" />
  </ItemGroup>
</Project>